
Microsoft Visual Studio Solution File, Format Version 12.00
# Visual Studio Version 16
VisualStudioVersion = 16.0.30907.101
MinimumVisualStudioVersion = 10.0.40219.1
Project("{FAE04EC0-301F-11D3-BF4B-00C04F79EFBC}") = "CrudApp.WebUI", "CrudApp.WebUI\CrudApp.WebUI.csproj", "{B3C1F4C2-2E0F-45A4-A4BF-733339ADA478}"
EndProject
Global
	GlobalSection(SolutionConfigurationPlatforms) = preSolution
		Debug|Any CPU = Debug|Any CPU
		Release|Any CPU = Release|Any CPU
	EndGlobalSection
	GlobalSection(ProjectConfigurationPlatforms) = postSolution
		{B3C1F4C2-2E0F-45A4-A4BF-733339ADA478}.Debug|Any CPU.ActiveCfg = Debug|Any CPU
		{B3C1F4C2-2E0F-45A4-A4BF-733339ADA478}.Debug|Any CPU.Build.0 = Debug|Any CPU
		{B3C1F4C2-2E0F-45A4-A4BF-733339ADA478}.Release|Any CPU.ActiveCfg = Release|Any CPU
		{B3C1F4C2-2E0F-45A4-A4BF-733339ADA478}.Release|Any CPU.Build.0 = Release|Any CPU
	EndGlobalSection
	GlobalSection(SolutionProperties) = preSolution
		HideSolutionNode = FALSE
	EndGlobalSection
	GlobalSection(ExtensibilityGlobals) = postSolution
		SolutionGuid = {7702A5B1-8802-4759-BF71-FD67C4C0C0A1}
	EndGlobalSection
EndGlobal
